
Microsoft Visual Studio Solution File, Format Version 12.00
# Visual Studio Version 16
VisualStudioVersion = 16.0.29418.71
MinimumVisualStudioVersion = 10.0.40219.1
Project("{FAE04EC0-301F-11D3-BF4B-00C04F79EFBC}") = "StrategyPatternAbstractImplementation", "StrategyPatternAbstractImplementation\StrategyPatternAbstractImplementation.csproj", "{46BB406C-43E8-4CBA-9405-8D5B0EF0C330}"
EndProject
Project("{FAE04EC0-301F-11D3-BF4B-00C04F79EFBC}") = "StrategyPatternCodeExample", "StrategyPatternCodeExample\StrategyPatternCodeExample.csproj", "{C9E0E773-D764-4C59-BC65-7D70242A05CB}"
EndProject
Global
	GlobalSection(SolutionConfigurationPlatforms) = preSolution
		Debug|Any CPU = Debug|Any CPU
		Release|Any CPU = Release|Any CPU
	EndGlobalSection
	GlobalSection(ProjectConfigurationPlatforms) = postSolution
		{46BB406C-43E8-4CBA-9405-8D5B0EF0C330}.Debug|Any CPU.ActiveCfg = Debug|Any CPU
		{46BB406C-43E8-4CBA-9405-8D5B0EF0C330}.Debug|Any CPU.Build.0 = Debug|Any CPU
		{46BB406C-43E8-4CBA-9405-8D5B0EF0C330}.Release|Any CPU.ActiveCfg = Release|Any CPU
		{46BB406C-43E8-4CBA-9405-8D5B0EF0C330}.Release|Any CPU.Build.0 = Release|Any CPU
		{C9E0E773-D764-4C59-BC65-7D70242A05CB}.Debug|Any CPU.ActiveCfg = Debug|Any CPU
		{C9E0E773-D764-4C59-BC65-7D70242A05CB}.Debug|Any CPU.Build.0 = Debug|Any CPU
		{C9E0E773-D764-4C59-BC65-7D70242A05CB}.Release|Any CPU.ActiveCfg = Release|Any CPU
		{C9E0E773-D764-4C59-BC65-7D70242A05CB}.Release|Any CPU.Build.0 = Release|Any CPU
	EndGlobalSection
	GlobalSection(SolutionProperties) = preSolution
		HideSolutionNode = FALSE
	EndGlobalSection
	GlobalSection(ExtensibilityGlobals) = postSolution
		SolutionGuid = {537D98E4-419B-4870-A3B8-0A1B01F8EEFA}
	EndGlobalSection
EndGlobal
